
Microsoft Visual Studio Solution File, Format Version 12.00
# Visual Studio Version 17
VisualStudioVersion = 17.11.35222.181
MinimumVisualStudioVersion = 10.0.40219.1
Project("{FAE04EC0-301F-11D3-BF4B-00C04F79EFBC}") = "ErikProject", "ErikProject\ErikProject.csproj", "{B7915FD2-04C3-433F-934E-604928C498F4}"
EndProject
Global
	GlobalSection(SolutionConfigurationPlatforms) = preSolution
		Debug|Any CPU = Debug|Any CPU
		Release|Any CPU = Release|Any CPU
	EndGlobalSection
	GlobalSection(ProjectConfigurationPlatforms) = postSolution
		{B7915FD2-04C3-433F-934E-604928C498F4}.Debug|Any CPU.ActiveCfg = Debug|Any CPU
		{B7915FD2-04C3-433F-934E-604928C498F4}.Debug|Any CPU.Build.0 = Debug|Any CPU
		{B7915FD2-04C3-433F-934E-604928C498F4}.Release|Any CPU.ActiveCfg = Release|Any CPU
		{B7915FD2-04C3-433F-934E-604928C498F4}.Release|Any CPU.Build.0 = Release|Any CPU
	EndGlobalSection
	GlobalSection(SolutionProperties) = preSolution
		HideSolutionNode = FALSE
	EndGlobalSection
	GlobalSection(ExtensibilityGlobals) = postSolution
		SolutionGuid = {AED28818-F84A-4FC4-855F-1FF2050F989B}
	EndGlobalSection
EndGlobal
